
Microsoft Visual Studio Solution File, Format Version 12.00
# Visual Studio Version 17
VisualStudioVersion = 17.7.34202.233
MinimumVisualStudioVersion = 10.0.40219.1
Project("{FAE04EC0-301F-11D3-BF4B-00C04F79EFBC}") = "ExaminationSystems", "ExaminationSystems\ExaminationSystems.csproj", "{E2BCB8C6-EFEA-44DC-A5BC-5514E1DF1B32}"
EndProject
Global
	GlobalSection(SolutionConfigurationPlatforms) = preSolution
		Debug|Any CPU = Debug|Any CPU
		Release|Any CPU = Release|Any CPU
	EndGlobalSection
	GlobalSection(ProjectConfigurationPlatforms) = postSolution
		{E2BCB8C6-EFEA-44DC-A5BC-5514E1DF1B32}.Debug|Any CPU.ActiveCfg = Debug|Any CPU
		{E2BCB8C6-EFEA-44DC-A5BC-5514E1DF1B32}.Debug|Any CPU.Build.0 = Debug|Any CPU
		{E2BCB8C6-EFEA-44DC-A5BC-5514E1DF1B32}.Release|Any CPU.ActiveCfg = Release|Any CPU
		{E2BCB8C6-EFEA-44DC-A5BC-5514E1DF1B32}.Release|Any CPU.Build.0 = Release|Any CPU
	EndGlobalSection
	GlobalSection(SolutionProperties) = preSolution
		HideSolutionNode = FALSE
	EndGlobalSection
	GlobalSection(ExtensibilityGlobals) = postSolution
		SolutionGuid = {2B2DF924-ABF2-412D-B359-F33A9502924D}
	EndGlobalSection
EndGlobal
